<Solution>
  <Folder Name="/src/">
    <Project Path="src/CardShopModManager.Cli/CardShopModManager.Cli.csproj" />
    <Project Path="src/CardShopModManager.Core/CardShopModManager.Core.csproj" />
    <Project Path="src/CardShopModManager.App/CardShopModManager.App.csproj" />
  </Folder>
  <Folder Name="/tests/" />
  <Folder Name="/tests/CardShopModManager.Core.Tests/">
    <Project Path="tests/CardShopModManager.Core.Tests/CardShopModManager.Core.Tests.csproj" />
  </Folder>
</Solution>
